Microsoft Visual Studio Solution File, Format Version 11.00
# Visual Studio 2008

Project("{030FBF3B-537F-9E6A-08ED-F4C329818E11}") = "Gamev1", "Assembly-CSharp.csproj", "{5DB1014F-E46C-DC60-5C3E-99D7C7C86364}"
EndProject
Global
	GlobalSection(SolutionConfigurationPlatforms) = preSolution
		Debug|Any CPU = Debug|Any CPU
		Release|Any CPU = Release|Any CPU
	EndGlobalSection
	GlobalSection(ProjectConfigurationPlatforms) = postSolution
		{5DB1014F-E46C-DC60-5C3E-99D7C7C86364}.Debug|Any CPU.ActiveCfg = Debug|Any CPU
		{5DB1014F-E46C-DC60-5C3E-99D7C7C86364}.Debug|Any CPU.Build.0 = Debug|Any CPU
		{5DB1014F-E46C-DC60-5C3E-99D7C7C86364}.Release|Any CPU.ActiveCfg = Release|Any CPU
		{5DB1014F-E46C-DC60-5C3E-99D7C7C86364}.Release|Any CPU.Build.0 = Release|Any CPU
	EndGlobalSection
	GlobalSection(SolutionProperties) = preSolution
		HideSolutionNode = FALSE
	EndGlobalSection
	GlobalSection(MonoDevelopProperties) = preSolution
		StartupItem = Assembly-CSharp.csproj
	EndGlobalSection
EndGlobal
